// !$*UTF8*$!
{
	archiveVersion = 1;
	classes = {
	};
	objectVersion = 50;
	objects = {

/* Begin PBXBuildFile section */
		8325288825E41D4F009245B7 /* Warning.swift in Sources */ = {isa = PBXBuildFile; fileRef = 8325288725E41D4F009245B7 /* Warning.swift */; };
		83735A4425E5195200679041 /* GameViewController.swift in Sources */ = {isa = PBXBuildFile; fileRef = 83735A4325E5195200679041 /* GameViewController.swift */; };
		83735A4B25E52C7C00679041 /* ExtraCode.swift in Sources */ = {isa = PBXBuildFile; fileRef = 83735A4A25E52C7C00679041 /* ExtraCode.swift */; };
		83735A5025E54DCC00679041 /* UnderAgeViewController.swift in Sources */ = {isa = PBXBuildFile; fileRef = 83735A4F25E54DCC00679041 /* UnderAgeViewController.swift */; };
		83CD3E7C25E3C9620098D81A /* AppDelegate.swift in Sources */ = {isa = PBXBuildFile; fileRef = 83CD3E7B25E3C9620098D81A /* AppDelegate.swift */; };
		83CD3E7E25E3C9620098D81A /* SceneDelegate.swift in Sources */ = {isa = PBXBuildFile; fileRef = 83CD3E7D25E3C9620098D81A /* SceneDelegate.swift */; };
		83CD3E8025E3C9620098D81A /* LoginViewController.swift in Sources */ = {isa = PBXBuildFile; fileRef = 83CD3E7F25E3C9620098D81A /* LoginViewController.swift */; };
		83CD3E8325E3C9620098D81A /* Main.storyboard in Resources */ = {isa = PBXBuildFile; fileRef = 83CD3E8125E3C9620098D81A /* Main.storyboard */; };
		83CD3E8525E3C9630098D81A /* Assets.xcassets in Resources */ = {isa = PBXBuildFile; fileRef = 83CD3E8425E3C9630098D81A /* Assets.xcassets */; };
		83CD3E8825E3C9630098D81A /* LaunchScreen.storyboard in Resources */ = {isa = PBXBuildFile; fileRef = 83CD3E8625E3C9630098D81A /* LaunchScreen.storyboard */; };
		83CD3E9F25E3D8950098D81A /* String .swift in Sources */ = {isa = PBXBuildFile; fileRef = 83CD3E9E25E3D8950098D81A /* String .swift */; };
		83CD3EA325E3D9220098D81A /* UIAlertControll.swift in Sources */ = {isa = PBXBuildFile; fileRef = 83CD3EA225E3D9220098D81A /* UIAlertControll.swift */; };
/* End PBXBuildFile section */

/* Begin PBXFileReference section */
		8325288725E41D4F009245B7 /* Warning.swift */ = {isa = PBXFileReference; lastKnownFileType = sourcecode.swift; path = Warning.swift; sourceTree = "<group>"; };
		83735A4325E5195200679041 /* GameViewController.swift */ = {isa = PBXFileReference; lastKnownFileType = sourcecode.swift; path = GameViewController.swift; sourceTree = "<group>"; };
		83735A4A25E52C7C00679041 /* ExtraCode.swift */ = {isa = PBXFileReference; lastKnownFileType = sourcecode.swift; path = ExtraCode.swift; sourceTree = "<group>"; };
		83735A4F25E54DCC00679041 /* UnderAgeViewController.swift */ = {isa = PBXFileReference; lastKnownFileType = sourcecode.swift; path = UnderAgeViewController.swift; sourceTree = "<group>"; };
		83CD3E7825E3C9620098D81A /* ApplicationFinal.app */ = {isa = PBXFileReference; explicitFileType = wrapper.application; includeInIndex = 0; path = ApplicationFinal.app; sourceTree = BUILT_PRODUCTS_DIR; };
		83CD3E7B25E3C9620098D81A /* AppDelegate.swift */ = {isa = PBXFileReference; lastKnownFileType = sourcecode.swift; path = AppDelegate.swift; sourceTree = "<group>"; };
		83CD3E7D25E3C9620098D81A /* SceneDelegate.swift */ = {isa = PBXFileReference; lastKnownFileType = sourcecode.swift; path = SceneDelegate.swift; sourceTree = "<group>"; };
		83CD3E7F25E3C9620098D81A /* LoginViewController.swift */ = {isa = PBXFileReference; lastKnownFileType = sourcecode.swift; path = LoginViewController.swift; sourceTree = "<group>"; };
		83CD3E8225E3C9620098D81A /* Base */ = {isa = PBXFileReference; lastKnownFileType = file.storyboard; name = Base; path = Base.lproj/Main.storyboard; sourceTree = "<group>"; };
		83CD3E8425E3C9630098D81A /* Assets.xcassets */ = {isa = PBXFileReference; lastKnownFileType = folder.assetcatalog; path = Assets.xcassets; sourceTree = "<group>"; };
		83CD3E8725E3C9630098D81A /* Base */ = {isa = PBXFileReference; lastKnownFileType = file.storyboard; name = Base; path = Base.lproj/LaunchScreen.storyboard; sourceTree = "<group>"; };
		83CD3E8925E3C9630098D81A /* Info.plist */ = {isa = PBXFileReference; lastKnownFileType = text.plist.xml; path = Info.plist; sourceTree = "<group>"; };
		83CD3E9E25E3D8950098D81A /* String .swift */ = {isa = PBXFileReference; lastKnownFileType = sourcecode.swift; path = "String .swift"; sourceTree = "<group>"; };
		83CD3EA225E3D9220098D81A /* UIAlertControll.swift */ = {isa = PBXFileReference; lastKnownFileType = sourcecode.swift; path = UIAlertControll.swift; sourceTree = "<group>"; };
/* End PBXFileReference section */

/* Begin PBXFrameworksBuildPhase section */
		83CD3E7525E3C9620098D81A /* Frameworks */ = {
			isa = PBXFrameworksBuildPhase;
			buildActionMask = 2147483647;
			files = (
			);
			runOnlyForDeploymentPostprocessing = 0;
		};
/* End PBXFrameworksBuildPhase section */

/* Begin PBXGroup section */
		8325288A25E4220D009245B7 /* Extra */ = {
			isa = PBXGroup;
			children = (
				83735A4A25E52C7C00679041 /* ExtraCode.swift */,
			);
			path = Extra;
			sourceTree = "<group>";
		};
		83CD3E6F25E3C9620098D81A = {
			isa = PBXGroup;
			children = (
				83CD3E7A25E3C9620098D81A /* ApplicationFinal */,
				83CD3E7925E3C9620098D81A /* Products */,
			);
			sourceTree = "<group>";
		};
		83CD3E7925E3C9620098D81A /* Products */ = {
			isa = PBXGroup;
			children = (
				83CD3E7825E3C9620098D81A /* ApplicationFinal.app */,
			);
			name = Products;
			sourceTree = "<group>";
		};
		83CD3E7A25E3C9620098D81A /* ApplicationFinal */ = {
			isa = PBXGroup;
			children = (
				8325288A25E4220D009245B7 /* Extra */,
				83CD3E9D25E3D85F0098D81A /* extension */,
				83CD3E9425E3C9D80098D81A /* delegate */,
				83CD3E9525E3CA000098D81A /* Controller */,
				83CD3E9625E3CA160098D81A /* View */,
				83CD3E8425E3C9630098D81A /* Assets.xcassets */,
				83CD3E8925E3C9630098D81A /* Info.plist */,
			);
			path = ApplicationFinal;
			sourceTree = "<group>";
		};
		83CD3E9425E3C9D80098D81A /* delegate */ = {
			isa = PBXGroup;
			children = (
				83CD3E7B25E3C9620098D81A /* AppDelegate.swift */,
				83CD3E7D25E3C9620098D81A /* SceneDelegate.swift */,
			);
			path = delegate;
			sourceTree = "<group>";
		};
		83CD3E9525E3CA000098D81A /* Controller */ = {
			isa = PBXGroup;
			children = (
				83CD3E7F25E3C9620098D81A /* LoginViewController.swift */,
				83735A4325E5195200679041 /* GameViewController.swift */,
				83735A4F25E54DCC00679041 /* UnderAgeViewController.swift */,
			);
			path = Controller;
			sourceTree = "<group>";
		};
		83CD3E9625E3CA160098D81A /* View */ = {
			isa = PBXGroup;
			children = (
				83CD3E8125E3C9620098D81A /* Main.storyboard */,
				83CD3E8625E3C9630098D81A /* LaunchScreen.storyboard */,
			);
			path = View;
			sourceTree = "<group>";
		};
		83CD3E9D25E3D85F0098D81A /* extension */ = {
			isa = PBXGroup;
			children = (
				83CD3E9E25E3D8950098D81A /* String .swift */,
				83CD3EA225E3D9220098D81A /* UIAlertControll.swift */,
				8325288725E41D4F009245B7 /* Warning.swift */,
			);
			path = extension;
			sourceTree = "<group>";
		};
/* End PBXGroup section */

/* Begin PBXNativeTarget section */
		83CD3E7725E3C9620098D81A /* ApplicationFinal */ = {
			isa = PBXNativeTarget;
			buildConfigurationList = 83CD3E8C25E3C9630098D81A /* Build configuration list for PBXNativeTarget "ApplicationFinal" */;
			buildPhases = (
				83CD3E7425E3C9620098D81A /* Sources */,
				83CD3E7525E3C9620098D81A /* Frameworks */,
				83CD3E7625E3C9620098D81A /* Resources */,
			);
			buildRules = (
			);
			dependencies = (
			);
			name = ApplicationFinal;
			productName = ApplicationFinal;
			productReference = 83CD3E7825E3C9620098D81A /* ApplicationFinal.app */;
			productType = "com.apple.product-type.application";
		};
/* End PBXNativeTarget section */

/* Begin PBXProject section */
		83CD3E7025E3C9620098D81A /* Project object */ = {
			isa = PBXProject;
			attributes = {
				LastSwiftUpdateCheck = 1230;
				LastUpgradeCheck = 1230;
				TargetAttributes = {
					83CD3E7725E3C9620098D81A = {
						CreatedOnToolsVersion = 12.3;
					};
				};
			};
			buildConfigurationList = 83CD3E7325E3C9620098D81A /* Build configuration list for PBXProject "ApplicationFinal" */;
			compatibilityVersion = "Xcode 9.3";
			developmentRegion = en;
			hasScannedForEncodings = 0;
			knownRegions = (
				en,
				Base,
			);
			mainGroup = 83CD3E6F25E3C9620098D81A;
			productRefGroup = 83CD3E7925E3C9620098D81A /* Products */;
			projectDirPath = "";
			projectRoot = "";
			targets = (
				83CD3E7725E3C9620098D81A /* ApplicationFinal */,
			);
		};
/* End PBXProject section */

/* Begin PBXResourcesBuildPhase section */
		83CD3E7625E3C9620098D81A /* Resources */ = {
			isa = PBXResourcesBuildPhase;
			buildActionMask = 2147483647;
			files = (
				83CD3E8825E3C9630098D81A /* LaunchScreen.storyboard in Resources */,
				83CD3E8525E3C9630098D81A /* Assets.xcassets in Resources */,
				83CD3E8325E3C9620098D81A /* Main.storyboard in Resources */,
			);
			runOnlyForDeploymentPostprocessing = 0;
		};
/* End PBXResourcesBuildPhase section */

/* Begin PBXSourcesBuildPhase section */
		83CD3E7425E3C9620098D81A /* Sources */ = {
			isa = PBXSourcesBuildPhase;
			buildActionMask = 2147483647;
			files = (
				83CD3E8025E3C9620098D81A /* LoginViewController.swift in Sources */,
				83735A4B25E52C7C00679041 /* ExtraCode.swift in Sources */,
				8325288825E41D4F009245B7 /* Warning.swift in Sources */,
				83CD3E9F25E3D8950098D81A /* String .swift in Sources */,
				83CD3E7C25E3C9620098D81A /* AppDelegate.swift in Sources */,
				83CD3E7E25E3C9620098D81A /* SceneDelegate.swift in Sources */,
				83CD3EA325E3D9220098D81A /* UIAlertControll.swift in Sources */,
				83735A5025E54DCC00679041 /* UnderAgeViewController.swift in Sources */,
				83735A4425E5195200679041 /* GameViewController.swift in Sources */,
			);
			runOnlyForDeploymentPostprocessing = 0;
		};
/* End PBXSourcesBuildPhase section */

/* Begin PBXVariantGroup section */
		83CD3E8125E3C9620098D81A /* Main.storyboard */ = {
			isa = PBXVariantGroup;
			children = (
				83CD3E8225E3C9620098D81A /* Base */,
			);
			name = Main.storyboard;
			sourceTree = "<group>";
		};
		83CD3E8625E3C9630098D81A /* LaunchScreen.storyboard */ = {
			isa = PBXVariantGroup;
			children = (
				83CD3E8725E3C9630098D81A /* Base */,
			);
			name = LaunchScreen.storyboard;
			sourceTree = "<group>";
		};
/* End PBXVariantGroup section */

/* Begin XCBuildConfiguration section */
		83CD3E8A25E3C9630098D81A /* Debug */ = {
			isa = XCBuildConfiguration;
			buildSettings = {
				ALWAYS_SEARCH_USER_PATHS = NO;
				CLANG_ANALYZER_NONNULL = YES;
				CLANG_ANALYZER_NUMBER_OBJECT_CONVERSION = YES_AGGRESSIVE;
				CLANG_CXX_LANGUAGE_STANDARD = "gnu++14";
				CLANG_CXX_LIBRARY = "libc++";
				CLANG_ENABLE_MODULES = YES;
				CLANG_ENABLE_OBJC_ARC = YES;
				CLANG_ENABLE_OBJC_WEAK = YES;
				CLANG_WARN_BLOCK_CAPTURE_AUTORELEASING = YES;
				CLANG_WARN_BOOL_CONVERSION = YES;
				CLANG_WARN_COMMA = YES;
				CLANG_WARN_CONSTANT_CONVERSION = YES;
				CLANG_WARN_DEPRECATED_OBJC_IMPLEMENTATIONS = YES;
				CLANG_WARN_DIRECT_OBJC_ISA_USAGE = YES_ERROR;
				CLANG_WARN_DOCUMENTATION_COMMENTS = YES;
				CLANG_WARN_EMPTY_BODY = YES;
				CLANG_WARN_ENUM_CONVERSION = YES;
				CLANG_WARN_INFINITE_RECURSION = YES;
				CLANG_WARN_INT_CONVERSION = YES;
				CLANG_WARN_NON_LITERAL_NULL_CONVERSION = YES;
				CLANG_WARN_OBJC_IMPLICIT_RETAIN_SELF = YES;
				CLANG_WARN_OBJC_LITERAL_CONVERSION = YES;
				CLANG_WARN_OBJC_ROOT_CLASS = YES_ERROR;
				CLANG_WARN_QUOTED_INCLUDE_IN_FRAMEWORK_HEADER = YES;
				CLANG_WARN_RANGE_LOOP_ANALYSIS = YES;
				CLANG_WARN_STRICT_PROTOTYPES = YES;
				CLANG_WARN_SUSPICIOUS_MOVE = YES;
				CLANG_WARN_UNGUARDED_AVAILABILITY = YES_AGGRESSIVE;
				CLANG_WARN_UNREACHABLE_CODE = YES;
				CLANG_WARN__DUPLICATE_METHOD_MATCH = YES;
				COPY_PHASE_STRIP = NO;
				DEBUG_INFORMATION_FORMAT = dwarf;
				ENABLE_STRICT_OBJC_MSGSEND = YES;
				ENABLE_TESTABILITY = YES;
				GCC_C_LANGUAGE_STANDARD = gnu11;
				GCC_DYNAMIC_NO_PIC = NO;
				GCC_NO_COMMON_BLOCKS = YES;
				GCC_OPTIMIZATION_LEVEL = 0;
				GCC_PREPROCESSOR_DEFINITIONS = (
					"DEBUG=1",
					"$(inherited)",
				);
				GCC_WARN_64_TO_32_BIT_CONVERSION = YES;
				GCC_WARN_ABOUT_RETURN_TYPE = YES_ERROR;
				GCC_WARN_UNDECLARED_SELECTOR = YES;
				GCC_WARN_UNINITIALIZED_AUTOS = YES_AGGRESSIVE;
				GCC_WARN_UNUSED_FUNCTION = YES;
				GCC_WARN_UNUSED_VARIABLE = YES;
				IPHONEOS_DEPLOYMENT_TARGET = 14.3;
				MTL_ENABLE_DEBUG_INFO = INCLUDE_SOURCE;
				MTL_FAST_MATH = YES;
				ONLY_ACTIVE_ARCH = YES;
				SDKROOT = iphoneos;
				SWIFT_ACTIVE_COMPILATION_CONDITIONS = DEBUG;
				SWIFT_OPTIMIZATION_LEVEL = "-Onone";
			};
			name = Debug;
		};
		83CD3E8B25E3C9630098D81A /* Release */ = {
			isa = XCBuildConfiguration;
			buildSettings = {
				ALWAYS_SEARCH_USER_PATHS = NO;
				CLANG_ANALYZER_NONNULL = YES;
				CLANG_ANALYZER_NUMBER_OBJECT_CONVERSION = YES_AGGRESSIVE;
				CLANG_CXX_LANGUAGE_STANDARD = "gnu++14";
				CLANG_CXX_LIBRARY = "libc++";
				CLANG_ENABLE_MODULES = YES;
				CLANG_ENABLE_OBJC_ARC = YES;
				CLANG_ENABLE_OBJC_WEAK = YES;
				CLANG_WARN_BLOCK_CAPTURE_AUTORELEASING = YES;
				CLANG_WARN_BOOL_CONVERSION = YES;
				CLANG_WARN_COMMA = YES;
				CLANG_WARN_CONSTANT_CONVERSION = YES;
				CLANG_WARN_DEPRECATED_OBJC_IMPLEMENTATIONS = YES;
				CLANG_WARN_DIRECT_OBJC_ISA_USAGE = YES_ERROR;
				CLANG_WARN_DOCUMENTATION_COMMENTS = YES;
				CLANG_WARN_EMPTY_BODY = YES;
				CLANG_WARN_ENUM_CONVERSION = YES;
				CLANG_WARN_INFINITE_RECURSION = YES;
				CLANG_WARN_INT_CONVERSION = YES;
				CLANG_WARN_NON_LITERAL_NULL_CONVERSION = YES;
				CLANG_WARN_OBJC_IMPLICIT_RETAIN_SELF = YES;
				CLANG_WARN_OBJC_LITERAL_CONVERSION = YES;
				CLANG_WARN_OBJC_ROOT_CLASS = YES_ERROR;
				CLANG_WARN_QUOTED_INCLUDE_IN_FRAMEWORK_HEADER = YES;
				CLANG_WARN_RANGE_LOOP_ANALYSIS = YES;
				CLANG_WARN_STRICT_PROTOTYPES = YES;
				CLANG_WARN_SUSPICIOUS_MOVE = YES;
				CLANG_WARN_UNGUARDED_AVAILABILITY = YES_AGGRESSIVE;
				CLANG_WARN_UNREACHABLE_CODE = YES;
				CLANG_WARN__DUPLICATE_METHOD_MATCH = YES;
				COPY_PHASE_STRIP = NO;
				DEBUG_INFORMATION_FORMAT = "dwarf-with-dsym";
				ENABLE_NS_ASSERTIONS = NO;
				ENABLE_STRICT_OBJC_MSGSEND = YES;
				GCC_C_LANGUAGE_STANDARD = gnu11;
				GCC_NO_COMMON_BLOCKS = YES;
				GCC_WARN_64_TO_32_BIT_CONVERSION = YES;
				GCC_WARN_ABOUT_RETURN_TYPE = YES_ERROR;
				GCC_WARN_UNDECLARED_SELECTOR = YES;
				GCC_WARN_UNINITIALIZED_AUTOS = YES_AGGRESSIVE;
				GCC_WARN_UNUSED_FUNCTION = YES;
				GCC_WARN_UNUSED_VARIABLE = YES;
				IPHONEOS_DEPLOYMENT_TARGET = 14.3;
				MTL_ENABLE_DEBUG_INFO = NO;
				MTL_FAST_MATH = YES;
				SDKROOT = iphoneos;
				SWIFT_COMPILATION_MODE = wholemodule;
				SWIFT_OPTIMIZATION_LEVEL = "-O";
				VALIDATE_PRODUCT = YES;
			};
			name = Release;
		};
		83CD3E8D25E3C9630098D81A /* Debug */ = {
			isa = XCBuildConfiguration;
			buildSettings = {
				ASSETCATALOG_COMPILER_APPICON_NAME = AppIcon;
				ASSETCATALOG_COMPILER_GLOBAL_ACCENT_COLOR_NAME = AccentColor;
				CODE_SIGN_STYLE = Automatic;
				DEVELOPMENT_TEAM = DYBWA45MRH;
				INFOPLIST_FILE = ApplicationFinal/Info.plist;
				LD_RUNPATH_SEARCH_PATHS = (
					"$(inherited)",
					"@executable_path/Frameworks",
				);
				PRODUCT_BUNDLE_IDENTIFIER = lv.accenture.bootcamps.ApplicationFinal;
				PRODUCT_NAME = "$(TARGET_NAME)";
				SWIFT_VERSION = 5.0;
				TARGETED_DEVICE_FAMILY = 1;
			};
			name = Debug;
		};
		83CD3E8E25E3C9630098D81A /* Release */ = {
			isa = XCBuildConfiguration;
			buildSettings = {
				ASSETCATALOG_COMPILER_APPICON_NAME = AppIcon;
				ASSETCATALOG_COMPILER_GLOBAL_ACCENT_COLOR_NAME = AccentColor;
				CODE_SIGN_STYLE = Automatic;
				DEVELOPMENT_TEAM = DYBWA45MRH;
				INFOPLIST_FILE = ApplicationFinal/Info.plist;
				LD_RUNPATH_SEARCH_PATHS = (
					"$(inherited)",
					"@executable_path/Frameworks",
				);
				PRODUCT_BUNDLE_IDENTIFIER = lv.accenture.bootcamps.ApplicationFinal;
				PRODUCT_NAME = "$(TARGET_NAME)";
				SWIFT_VERSION = 5.0;
				TARGETED_DEVICE_FAMILY = 1;
			};
			name = Release;
		};
/* End XCBuildConfiguration section */

/* Begin XCConfigurationList section */
		83CD3E7325E3C9620098D81A /* Build configuration list for PBXProject "ApplicationFinal" */ = {
			isa = XCConfigurationList;
			buildConfigurations = (
				83CD3E8A25E3C9630098D81A /* Debug */,
				83CD3E8B25E3C9630098D81A /* Release */,
			);
			defaultConfigurationIsVisible = 0;
			defaultConfigurationName = Release;
		};
		83CD3E8C25E3C9630098D81A /* Build configuration list for PBXNativeTarget "ApplicationFinal" */ = {
			isa = XCConfigurationList;
			buildConfigurations = (
				83CD3E8D25E3C9630098D81A /* Debug */,
				83CD3E8E25E3C9630098D81A /* Release */,
			);
			defaultConfigurationIsVisible = 0;
			defaultConfigurationName = Release;
		};
/* End XCConfigurationList section */
	};
	rootObject = 83CD3E7025E3C9620098D81A /* Project object */;
}
